
Microsoft Visual Studio Solution File, Format Version 12.00
# Visual Studio Version 16
VisualStudioVersion = 16.0.31624.102
MinimumVisualStudioVersion = 10.0.40219.1
Project("{FAE04EC0-301F-11D3-BF4B-00C04F79EFBC}") = "TestApp", "TestApp\TestApp.csproj", "{442D60DB-04D8-4B15-94A0-31B9E874E6AB}"
EndProject
Global
	GlobalSection(SolutionConfigurationPlatforms) = preSolution
		Debug|Any CPU = Debug|Any CPU
		Release|Any CPU = Release|Any CPU
	EndGlobalSection
	GlobalSection(ProjectConfigurationPlatforms) = postSolution
		{442D60DB-04D8-4B15-94A0-31B9E874E6AB}.Debug|Any CPU.ActiveCfg = Debug|Any CPU
		{442D60DB-04D8-4B15-94A0-31B9E874E6AB}.Debug|Any CPU.Build.0 = Debug|Any CPU
		{442D60DB-04D8-4B15-94A0-31B9E874E6AB}.Release|Any CPU.ActiveCfg = Release|Any CPU
		{442D60DB-04D8-4B15-94A0-31B9E874E6AB}.Release|Any CPU.Build.0 = Release|Any CPU
	EndGlobalSection
	GlobalSection(SolutionProperties) = preSolution
		HideSolutionNode = FALSE
	EndGlobalSection
	GlobalSection(ExtensibilityGlobals) = postSolution
		SolutionGuid = {022FDDA1-C265-468E-BF24-1B191D215FDF}
	EndGlobalSection
EndGlobal
